
Microsoft Visual Studio Solution File, Format Version 12.00
# Visual Studio Version 17
VisualStudioVersion = 17.7.34031.279
MinimumVisualStudioVersion = 10.0.40219.1
Project("{FAE04EC0-301F-11D3-BF4B-00C04F79EFBC}") = "SistemaDeTarefas", "SistemaDeTarefas\SistemaDeTarefas.csproj", "{3652CAE9-DA89-4EEF-ADC6-210887F78B3E}"
EndProject
Global
	GlobalSection(SolutionConfigurationPlatforms) = preSolution
		Debug|Any CPU = Debug|Any CPU
		Release|Any CPU = Release|Any CPU
	EndGlobalSection
	GlobalSection(ProjectConfigurationPlatforms) = postSolution
		{3652CAE9-DA89-4EEF-ADC6-210887F78B3E}.Debug|Any CPU.ActiveCfg = Debug|Any CPU
		{3652CAE9-DA89-4EEF-ADC6-210887F78B3E}.Debug|Any CPU.Build.0 = Debug|Any CPU
		{3652CAE9-DA89-4EEF-ADC6-210887F78B3E}.Release|Any CPU.ActiveCfg = Release|Any CPU
		{3652CAE9-DA89-4EEF-ADC6-210887F78B3E}.Release|Any CPU.Build.0 = Release|Any CPU
	EndGlobalSection
	GlobalSection(SolutionProperties) = preSolution
		HideSolutionNode = FALSE
	EndGlobalSection
	GlobalSection(ExtensibilityGlobals) = postSolution
		SolutionGuid = {CBD9AB21-A6E7-45E9-9BDA-2CB0CCBA2081}
	EndGlobalSection
EndGlobal
